
Microsoft Visual Studio Solution File, Format Version 12.00
# Visual Studio Version 17
VisualStudioVersion = 17.7.34202.233
MinimumVisualStudioVersion = 10.0.40219.1
Project("{8BC9CEB8-8B4A-11D0-8D11-00A0C91BC942}") = "Program", "Program.vcxproj", "{F761B081-F0B4-413D-B688-7C45BE29A973}"
EndProject
Project("{8BC9CEB8-8B4A-11D0-8D11-00A0C91BC942}") = "Class1th (Variable)", "..\Class1th (Variable)\Class1th (Variable).vcxproj", "{06D1CEAE-1F69-40C1-9575-5B2A8B1FE1E4}"
EndProject
Project("{8BC9CEB8-8B4A-11D0-8D11-00A0C91BC942}") = "Class2th (Constant)", "..\Class2th (Constant)\Class2th (Constant).vcxproj", "{D5381BBF-D0A2-4725-8608-5734BCD4F849}"
EndProject
Project("{8BC9CEB8-8B4A-11D0-8D11-00A0C91BC942}") = "Class3th (Bit)", "..\Class3th (Bit)\Class3th (Bit).vcxproj", "{EF1A62B7-EFBF-49C7-8269-2EBA66F5D4C6}"
EndProject
Project("{8BC9CEB8-8B4A-11D0-8D11-00A0C91BC942}") = "Class4th (Overflow & Underflow)", "..\Class4th (Overflow & Underflow)\Class4th (Overflow & Underflow).vcxproj", "{AAC91EA6-ECD1-42EE-BCDC-A6B164A1AC6D}"
EndProject
Project("{8BC9CEB8-8B4A-11D0-8D11-00A0C91BC942}") = "Class5th (Conditional Statement)", "..\Class5th (Conditional Statement)\Class5th (Conditional Statement).vcxproj", "{76F44D43-B525-4A7D-AC6C-7A33EFC5441B}"
EndProject
Project("{8BC9CEB8-8B4A-11D0-8D11-00A0C91BC942}") = "Class6th (iteration Statement)", "..\Class6th (iteration Statement)\Class6th (iteration Statement).vcxproj", "{D1583893-7767-4A04-AED5-523A9F4646DB}"
EndProject
Project("{8BC9CEB8-8B4A-11D0-8D11-00A0C91BC942}") = "Class7th (Type Conversion)", "..\Class7th (Type Conversion)\Class7th (Type Conversion).vcxproj", "{EE936BBB-1B79-43BF-946D-79520BFE1B7B}"
EndProject
Project("{8BC9CEB8-8B4A-11D0-8D11-00A0C91BC942}") = "Class8th (Pointer)", "..\Class8th (Pointer)\Class8th (Pointer).vcxproj", "{CB4FF2B1-FAC7-450E-9056-CBBECBA434B0}"
EndProject
Project("{8BC9CEB8-8B4A-11D0-8D11-00A0C91BC942}") = "Class9th (Arrangement)", "..\Class9th (Arrangement)\Class9th (Arrangement).vcxproj", "{D5FF23DF-DD94-4090-A3D5-838B424F1A05}"
EndProject
Project("{8BC9CEB8-8B4A-11D0-8D11-00A0C91BC942}") = "Class10th (String)", "..\Class10th (String)\Class10th (String).vcxproj", "{985B882E-4CCF-45B6-9BB5-7340EC89201E}"
EndProject
Project("{8BC9CEB8-8B4A-11D0-8D11-00A0C91BC942}") = "Class11th (Function)", "..\Class11th (Function)\Class11th (Function).vcxproj", "{68D6FC69-A082-41C7-A8DE-468389632AD3}"
EndProject
Project("{8BC9CEB8-8B4A-11D0-8D11-00A0C91BC942}") = "Class12th (Recursive Function)", "..\Class12th (Recursive Function)\Class12th (Recursive Function).vcxproj", "{F56FBDA8-259B-489B-B41C-E6E79AFE23CF}"
EndProject
Project("{8BC9CEB8-8B4A-11D0-8D11-00A0C91BC942}") = "Class13th (Variable Scope)", "..\Class13th (Variable Scope)\Class13th (Variable Scope).vcxproj", "{AA64CCF4-C367-45A0-8E76-71DA73C2F82D}"
EndProject
Project("{8BC9CEB8-8B4A-11D0-8D11-00A0C91BC942}") = "Class14th (Dynamuic Allocation)", "..\Class13th (Dynamuic Allocation)\Class13th (Dynamuic Allocation).vcxproj", "{DE6C118C-0B5D-4069-8940-6F3B64862D7A}"
EndProject
Global
	GlobalSection(SolutionConfigurationPlatforms) = preSolution
		Debug|x64 = Debug|x64
		Debug|x86 = Debug|x86
		Release|x64 = Release|x64
		Release|x86 = Release|x86
	EndGlobalSection
	GlobalSection(ProjectConfigurationPlatforms) = postSolution
		{F761B081-F0B4-413D-B688-7C45BE29A973}.Debug|x64.ActiveCfg = Debug|x64
		{F761B081-F0B4-413D-B688-7C45BE29A973}.Debug|x64.Build.0 = Debug|x64
		{F761B081-F0B4-413D-B688-7C45BE29A973}.Debug|x86.ActiveCfg = Debug|Win32
		{F761B081-F0B4-413D-B688-7C45BE29A973}.Debug|x86.Build.0 = Debug|Win32
		{F761B081-F0B4-413D-B688-7C45BE29A973}.Release|x64.ActiveCfg = Release|x64
		{F761B081-F0B4-413D-B688-7C45BE29A973}.Release|x64.Build.0 = Release|x64
		{F761B081-F0B4-413D-B688-7C45BE29A973}.Release|x86.ActiveCfg = Release|Win32
		{F761B081-F0B4-413D-B688-7C45BE29A973}.Release|x86.Build.0 = Release|Win32
		{06D1CEAE-1F69-40C1-9575-5B2A8B1FE1E4}.Debug|x64.ActiveCfg = Debug|x64
		{06D1CEAE-1F69-40C1-9575-5B2A8B1FE1E4}.Debug|x64.Build.0 = Debug|x64
		{06D1CEAE-1F69-40C1-9575-5B2A8B1FE1E4}.Debug|x86.ActiveCfg = Debug|Win32
		{06D1CEAE-1F69-40C1-9575-5B2A8B1FE1E4}.Debug|x86.Build.0 = Debug|Win32
		{06D1CEAE-1F69-40C1-9575-5B2A8B1FE1E4}.Release|x64.ActiveCfg = Release|x64
		{06D1CEAE-1F69-40C1-9575-5B2A8B1FE1E4}.Release|x64.Build.0 = Release|x64
		{06D1CEAE-1F69-40C1-9575-5B2A8B1FE1E4}.Release|x86.ActiveCfg = Release|Win32
		{06D1CEAE-1F69-40C1-9575-5B2A8B1FE1E4}.Release|x86.Build.0 = Release|Win32
		{D5381BBF-D0A2-4725-8608-5734BCD4F849}.Debug|x64.ActiveCfg = Debug|x64
		{D5381BBF-D0A2-4725-8608-5734BCD4F849}.Debug|x64.Build.0 = Debug|x64
		{D5381BBF-D0A2-4725-8608-5734BCD4F849}.Debug|x86.ActiveCfg = Debug|Win32
		{D5381BBF-D0A2-4725-8608-5734BCD4F849}.Debug|x86.Build.0 = Debug|Win32
		{D5381BBF-D0A2-4725-8608-5734BCD4F849}.Release|x64.ActiveCfg = Release|x64
		{D5381BBF-D0A2-4725-8608-5734BCD4F849}.Release|x64.Build.0 = Release|x64
		{D5381BBF-D0A2-4725-8608-5734BCD4F849}.Release|x86.ActiveCfg = Release|Win32
		{D5381BBF-D0A2-4725-8608-5734BCD4F849}.Release|x86.Build.0 = Release|Win32
		{EF1A62B7-EFBF-49C7-8269-2EBA66F5D4C6}.Debug|x64.ActiveCfg = Debug|x64
		{EF1A62B7-EFBF-49C7-8269-2EBA66F5D4C6}.Debug|x64.Build.0 = Debug|x64
		{EF1A62B7-EFBF-49C7-8269-2EBA66F5D4C6}.Debug|x86.ActiveCfg = Debug|Win32
		{EF1A62B7-EFBF-49C7-8269-2EBA66F5D4C6}.Debug|x86.Build.0 = Debug|Win32
		{EF1A62B7-EFBF-49C7-8269-2EBA66F5D4C6}.Release|x64.ActiveCfg = Release|x64
		{EF1A62B7-EFBF-49C7-8269-2EBA66F5D4C6}.Release|x64.Build.0 = Release|x64
		{EF1A62B7-EFBF-49C7-8269-2EBA66F5D4C6}.Release|x86.ActiveCfg = Release|Win32
		{EF1A62B7-EFBF-49C7-8269-2EBA66F5D4C6}.Release|x86.Build.0 = Release|Win32
		{AAC91EA6-ECD1-42EE-BCDC-A6B164A1AC6D}.Debug|x64.ActiveCfg = Debug|x64
		{AAC91EA6-ECD1-42EE-BCDC-A6B164A1AC6D}.Debug|x64.Build.0 = Debug|x64
		{AAC91EA6-ECD1-42EE-BCDC-A6B164A1AC6D}.Debug|x86.ActiveCfg = Debug|Win32
		{AAC91EA6-ECD1-42EE-BCDC-A6B164A1AC6D}.Debug|x86.Build.0 = Debug|Win32
		{AAC91EA6-ECD1-42EE-BCDC-A6B164A1AC6D}.Release|x64.ActiveCfg = Release|x64
		{AAC91EA6-ECD1-42EE-BCDC-A6B164A1AC6D}.Release|x64.Build.0 = Release|x64
		{AAC91EA6-ECD1-42EE-BCDC-A6B164A1AC6D}.Release|x86.ActiveCfg = Release|Win32
		{AAC91EA6-ECD1-42EE-BCDC-A6B164A1AC6D}.Release|x86.Build.0 = Release|Win32
		{76F44D43-B525-4A7D-AC6C-7A33EFC5441B}.Debug|x64.ActiveCfg = Debug|x64
		{76F44D43-B525-4A7D-AC6C-7A33EFC5441B}.Debug|x64.Build.0 = Debug|x64
		{76F44D43-B525-4A7D-AC6C-7A33EFC5441B}.Debug|x86.ActiveCfg = Debug|Win32
		{76F44D43-B525-4A7D-AC6C-7A33EFC5441B}.Debug|x86.Build.0 = Debug|Win32
		{76F44D43-B525-4A7D-AC6C-7A33EFC5441B}.Release|x64.ActiveCfg = Release|x64
		{76F44D43-B525-4A7D-AC6C-7A33EFC5441B}.Release|x64.Build.0 = Release|x64
		{76F44D43-B525-4A7D-AC6C-7A33EFC5441B}.Release|x86.ActiveCfg = Release|Win32
		{76F44D43-B525-4A7D-AC6C-7A33EFC5441B}.Release|x86.Build.0 = Release|Win32
		{D1583893-7767-4A04-AED5-523A9F4646DB}.Debug|x64.ActiveCfg = Debug|x64
		{D1583893-7767-4A04-AED5-523A9F4646DB}.Debug|x64.Build.0 = Debug|x64
		{D1583893-7767-4A04-AED5-523A9F4646DB}.Debug|x86.ActiveCfg = Debug|Win32
		{D1583893-7767-4A04-AED5-523A9F4646DB}.Debug|x86.Build.0 = Debug|Win32
		{D1583893-7767-4A04-AED5-523A9F4646DB}.Release|x64.ActiveCfg = Release|x64
		{D1583893-7767-4A04-AED5-523A9F4646DB}.Release|x64.Build.0 = Release|x64
		{D1583893-7767-4A04-AED5-523A9F4646DB}.Release|x86.ActiveCfg = Release|Win32
		{D1583893-7767-4A04-AED5-523A9F4646DB}.Release|x86.Build.0 = Release|Win32
		{EE936BBB-1B79-43BF-946D-79520BFE1B7B}.Debug|x64.ActiveCfg = Debug|x64
		{EE936BBB-1B79-43BF-946D-79520BFE1B7B}.Debug|x64.Build.0 = Debug|x64
		{EE936BBB-1B79-43BF-946D-79520BFE1B7B}.Debug|x86.ActiveCfg = Debug|Win32
		{EE936BBB-1B79-43BF-946D-79520BFE1B7B}.Debug|x86.Build.0 = Debug|Win32
		{EE936BBB-1B79-43BF-946D-79520BFE1B7B}.Release|x64.ActiveCfg = Release|x64
		{EE936BBB-1B79-43BF-946D-79520BFE1B7B}.Release|x64.Build.0 = Release|x64
		{EE936BBB-1B79-43BF-946D-79520BFE1B7B}.Release|x86.ActiveCfg = Release|Win32
		{EE936BBB-1B79-43BF-946D-79520BFE1B7B}.Release|x86.Build.0 = Release|Win32
		{CB4FF2B1-FAC7-450E-9056-CBBECBA434B0}.Debug|x64.ActiveCfg = Debug|x64
		{CB4FF2B1-FAC7-450E-9056-CBBECBA434B0}.Debug|x64.Build.0 = Debug|x64
		{CB4FF2B1-FAC7-450E-9056-CBBECBA434B0}.Debug|x86.ActiveCfg = Debug|Win32
		{CB4FF2B1-FAC7-450E-9056-CBBECBA434B0}.Debug|x86.Build.0 = Debug|Win32
		{CB4FF2B1-FAC7-450E-9056-CBBECBA434B0}.Release|x64.ActiveCfg = Release|x64
		{CB4FF2B1-FAC7-450E-9056-CBBECBA434B0}.Release|x64.Build.0 = Release|x64
		{CB4FF2B1-FAC7-450E-9056-CBBECBA434B0}.Release|x86.ActiveCfg = Release|Win32
		{CB4FF2B1-FAC7-450E-9056-CBBECBA434B0}.Release|x86.Build.0 = Release|Win32
		{D5FF23DF-DD94-4090-A3D5-838B424F1A05}.Debug|x64.ActiveCfg = Debug|x64
		{D5FF23DF-DD94-4090-A3D5-838B424F1A05}.Debug|x64.Build.0 = Debug|x64
		{D5FF23DF-DD94-4090-A3D5-838B424F1A05}.Debug|x86.ActiveCfg = Debug|Win32
		{D5FF23DF-DD94-4090-A3D5-838B424F1A05}.Debug|x86.Build.0 = Debug|Win32
		{D5FF23DF-DD94-4090-A3D5-838B424F1A05}.Release|x64.ActiveCfg = Release|x64
		{D5FF23DF-DD94-4090-A3D5-838B424F1A05}.Release|x64.Build.0 = Release|x64
		{D5FF23DF-DD94-4090-A3D5-838B424F1A05}.Release|x86.ActiveCfg = Release|Win32
		{D5FF23DF-DD94-4090-A3D5-838B424F1A05}.Release|x86.Build.0 = Release|Win32
		{985B882E-4CCF-45B6-9BB5-7340EC89201E}.Debug|x64.ActiveCfg = Debug|x64
		{985B882E-4CCF-45B6-9BB5-7340EC89201E}.Debug|x64.Build.0 = Debug|x64
		{985B882E-4CCF-45B6-9BB5-7340EC89201E}.Debug|x86.ActiveCfg = Debug|Win32
		{985B882E-4CCF-45B6-9BB5-7340EC89201E}.Debug|x86.Build.0 = Debug|Win32
		{985B882E-4CCF-45B6-9BB5-7340EC89201E}.Release|x64.ActiveCfg = Release|x64
		{985B882E-4CCF-45B6-9BB5-7340EC89201E}.Release|x64.Build.0 = Release|x64
		{985B882E-4CCF-45B6-9BB5-7340EC89201E}.Release|x86.ActiveCfg = Release|Win32
		{985B882E-4CCF-45B6-9BB5-7340EC89201E}.Release|x86.Build.0 = Release|Win32
		{68D6FC69-A082-41C7-A8DE-468389632AD3}.Debug|x64.ActiveCfg = Debug|x64
		{68D6FC69-A082-41C7-A8DE-468389632AD3}.Debug|x64.Build.0 = Debug|x64
		{68D6FC69-A082-41C7-A8DE-468389632AD3}.Debug|x86.ActiveCfg = Debug|Win32
		{68D6FC69-A082-41C7-A8DE-468389632AD3}.Debug|x86.Build.0 = Debug|Win32
		{68D6FC69-A082-41C7-A8DE-468389632AD3}.Release|x64.ActiveCfg = Release|x64
		{68D6FC69-A082-41C7-A8DE-468389632AD3}.Release|x64.Build.0 = Release|x64
		{68D6FC69-A082-41C7-A8DE-468389632AD3}.Release|x86.ActiveCfg = Release|Win32
		{68D6FC69-A082-41C7-A8DE-468389632AD3}.Release|x86.Build.0 = Release|Win32
		{F56FBDA8-259B-489B-B41C-E6E79AFE23CF}.Debug|x64.ActiveCfg = Debug|x64
		{F56FBDA8-259B-489B-B41C-E6E79AFE23CF}.Debug|x64.Build.0 = Debug|x64
		{F56FBDA8-259B-489B-B41C-E6E79AFE23CF}.Debug|x86.ActiveCfg = Debug|Win32
		{F56FBDA8-259B-489B-B41C-E6E79AFE23CF}.Debug|x86.Build.0 = Debug|Win32
		{F56FBDA8-259B-489B-B41C-E6E79AFE23CF}.Release|x64.ActiveCfg = Release|x64
		{F56FBDA8-259B-489B-B41C-E6E79AFE23CF}.Release|x64.Build.0 = Release|x64
		{F56FBDA8-259B-489B-B41C-E6E79AFE23CF}.Release|x86.ActiveCfg = Release|Win32
		{F56FBDA8-259B-489B-B41C-E6E79AFE23CF}.Release|x86.Build.0 = Release|Win32
		{AA64CCF4-C367-45A0-8E76-71DA73C2F82D}.Debug|x64.ActiveCfg = Debug|x64
		{AA64CCF4-C367-45A0-8E76-71DA73C2F82D}.Debug|x64.Build.0 = Debug|x64
		{AA64CCF4-C367-45A0-8E76-71DA73C2F82D}.Debug|x86.ActiveCfg = Debug|Win32
		{AA64CCF4-C367-45A0-8E76-71DA73C2F82D}.Debug|x86.Build.0 = Debug|Win32
		{AA64CCF4-C367-45A0-8E76-71DA73C2F82D}.Release|x64.ActiveCfg = Release|x64
		{AA64CCF4-C367-45A0-8E76-71DA73C2F82D}.Release|x64.Build.0 = Release|x64
		{AA64CCF4-C367-45A0-8E76-71DA73C2F82D}.Release|x86.ActiveCfg = Release|Win32
		{AA64CCF4-C367-45A0-8E76-71DA73C2F82D}.Release|x86.Build.0 = Release|Win32
		{DE6C118C-0B5D-4069-8940-6F3B64862D7A}.Debug|x64.ActiveCfg = Debug|x64
		{DE6C118C-0B5D-4069-8940-6F3B64862D7A}.Debug|x64.Build.0 = Debug|x64
		{DE6C118C-0B5D-4069-8940-6F3B64862D7A}.Debug|x86.ActiveCfg = Debug|Win32
		{DE6C118C-0B5D-4069-8940-6F3B64862D7A}.Debug|x86.Build.0 = Debug|Win32
		{DE6C118C-0B5D-4069-8940-6F3B64862D7A}.Release|x64.ActiveCfg = Release|x64
		{DE6C118C-0B5D-4069-8940-6F3B64862D7A}.Release|x64.Build.0 = Release|x64
		{DE6C118C-0B5D-4069-8940-6F3B64862D7A}.Release|x86.ActiveCfg = Release|Win32
		{DE6C118C-0B5D-4069-8940-6F3B64862D7A}.Release|x86.Build.0 = Release|Win32
	EndGlobalSection
	GlobalSection(SolutionProperties) = preSolution
		HideSolutionNode = FALSE
	EndGlobalSection
	GlobalSection(ExtensibilityGlobals) = postSolution
		SolutionGuid = {97A50699-540C-4CB4-BECA-D3DB688A0A6A}
	EndGlobalSection
EndGlobal
